// !$*UTF8*$!
{
	archiveVersion = 1;
	classes = {
	};
	objectVersion = 50;
	objects = {

/* Begin PBXBuildFile section */
		7987EA012690394300E7B4C6 /* TacademiaApp.swift in Sources */ = {isa = PBXBuildFile; fileRef = 7987EA002690394300E7B4C6 /* TacademiaApp.swift */; };
		7987EA032690394300E7B4C6 /* ContentView.swift in Sources */ = {isa = PBXBuildFile; fileRef = 7987EA022690394300E7B4C6 /* ContentView.swift */; };
		7987EA052690394400E7B4C6 /* Assets.xcassets in Resources */ = {isa = PBXBuildFile; fileRef = 7987EA042690394400E7B4C6 /* Assets.xcassets */; };
		7987EA082690394400E7B4C6 /* Preview Assets.xcassets in Resources */ = {isa = PBXBuildFile; fileRef = 7987EA072690394400E7B4C6 /* Preview Assets.xcassets */; };
		79BF4C0226903DCD0050EB02 /* GameView.swift in Sources */ = {isa = PBXBuildFile; fileRef = 79BF4C0126903DCD0050EB02 /* GameView.swift */; };
		79BF4C0426903FA40050EB02 /* SettingsView.swift in Sources */ = {isa = PBXBuildFile; fileRef = 79BF4C0326903FA40050EB02 /* SettingsView.swift */; };
		79BF4C07269041CD0050EB02 /* GridView.swift in Sources */ = {isa = PBXBuildFile; fileRef = 79BF4C06269041CD0050EB02 /* GridView.swift */; };
/* End PBXBuildFile section */

/* Begin PBXFileReference section */
		7987E9FD2690394300E7B4C6 /* Tacademia.app */ = {isa = PBXFileReference; explicitFileType = wrapper.application; includeInIndex = 0; path = Tacademia.app; sourceTree = BUILT_PRODUCTS_DIR; };
		7987EA002690394300E7B4C6 /* TacademiaApp.swift */ = {isa = PBXFileReference; lastKnownFileType = sourcecode.swift; path = TacademiaApp.swift; sourceTree = "<group>"; };
		7987EA022690394300E7B4C6 /* ContentView.swift */ = {isa = PBXFileReference; lastKnownFileType = sourcecode.swift; path = ContentView.swift; sourceTree = "<group>"; };
		7987EA042690394400E7B4C6 /* Assets.xcassets */ = {isa = PBXFileReference; lastKnownFileType = folder.assetcatalog; path = Assets.xcassets; sourceTree = "<group>"; };
		7987EA072690394400E7B4C6 /* Preview Assets.xcassets */ = {isa = PBXFileReference; lastKnownFileType = folder.assetcatalog; path = "Preview Assets.xcassets"; sourceTree = "<group>"; };
		7987EA092690394400E7B4C6 /* Info.plist */ = {isa = PBXFileReference; lastKnownFileType = text.plist.xml; path = Info.plist; sourceTree = "<group>"; };
		79BF4C0126903DCD0050EB02 /* GameView.swift */ = {isa = PBXFileReference; lastKnownFileType = sourcecode.swift; path = GameView.swift; sourceTree = "<group>"; };
		79BF4C0326903FA40050EB02 /* SettingsView.swift */ = {isa = PBXFileReference; lastKnownFileType = sourcecode.swift; path = SettingsView.swift; sourceTree = "<group>"; };
		79BF4C06269041CD0050EB02 /* GridView.swift */ = {isa = PBXFileReference; lastKnownFileType = sourcecode.swift; path = GridView.swift; sourceTree = "<group>"; };
/* End PBXFileReference section */

/* Begin PBXFrameworksBuildPhase section */
		7987E9FA2690394300E7B4C6 /* Frameworks */ = {
			isa = PBXFrameworksBuildPhase;
			buildActionMask = 2147483647;
			files = (
			);
			runOnlyForDeploymentPostprocessing = 0;
		};
/* End PBXFrameworksBuildPhase section */

/* Begin PBXGroup section */
		7987E9F42690394300E7B4C6 = {
			isa = PBXGroup;
			children = (
				7987E9FF2690394300E7B4C6 /* Tacademia */,
				7987E9FE2690394300E7B4C6 /* Products */,
			);
			sourceTree = "<group>";
		};
		7987E9FE2690394300E7B4C6 /* Products */ = {
			isa = PBXGroup;
			children = (
				7987E9FD2690394300E7B4C6 /* Tacademia.app */,
			);
			name = Products;
			sourceTree = "<group>";
		};
		7987E9FF2690394300E7B4C6 /* Tacademia */ = {
			isa = PBXGroup;
			children = (
				7987EA042690394400E7B4C6 /* Assets.xcassets */,
				7987EA062690394400E7B4C6 /* Preview Content */,
				7987EA0F26903C6700E7B4C6 /* Views */,
				7987EA002690394300E7B4C6 /* TacademiaApp.swift */,
				7987EA092690394400E7B4C6 /* Info.plist */,
			);
			path = Tacademia;
			sourceTree = "<group>";
		};
		7987EA062690394400E7B4C6 /* Preview Content */ = {
			isa = PBXGroup;
			children = (
				7987EA072690394400E7B4C6 /* Preview Assets.xcassets */,
			);
			path = "Preview Content";
			sourceTree = "<group>";
		};
		7987EA0F26903C6700E7B4C6 /* Views */ = {
			isa = PBXGroup;
			children = (
				79BF4C05269041B90050EB02 /* Helper */,
				7987EA022690394300E7B4C6 /* ContentView.swift */,
				79BF4C0126903DCD0050EB02 /* GameView.swift */,
				79BF4C0326903FA40050EB02 /* SettingsView.swift */,
			);
			path = Views;
			sourceTree = "<group>";
		};
		79BF4C05269041B90050EB02 /* Helper */ = {
			isa = PBXGroup;
			children = (
				79BF4C06269041CD0050EB02 /* GridView.swift */,
			);
			path = Helper;
			sourceTree = "<group>";
		};
/* End PBXGroup section */

/* Begin PBXNativeTarget section */
		7987E9FC2690394300E7B4C6 /* Tacademia */ = {
			isa = PBXNativeTarget;
			buildConfigurationList = 7987EA0C2690394400E7B4C6 /* Build configuration list for PBXNativeTarget "Tacademia" */;
			buildPhases = (
				7987E9F92690394300E7B4C6 /* Sources */,
				7987E9FA2690394300E7B4C6 /* Frameworks */,
				7987E9FB2690394300E7B4C6 /* Resources */,
			);
			buildRules = (
			);
			dependencies = (
			);
			name = Tacademia;
			productName = Tacademia;
			productReference = 7987E9FD2690394300E7B4C6 /* Tacademia.app */;
			productType = "com.apple.product-type.application";
		};
/* End PBXNativeTarget section */

/* Begin PBXProject section */
		7987E9F52690394300E7B4C6 /* Project object */ = {
			isa = PBXProject;
			attributes = {
				LastSwiftUpdateCheck = 1250;
				LastUpgradeCheck = 1250;
				TargetAttributes = {
					7987E9FC2690394300E7B4C6 = {
						CreatedOnToolsVersion = 12.5.1;
					};
				};
			};
			buildConfigurationList = 7987E9F82690394300E7B4C6 /* Build configuration list for PBXProject "Tacademia" */;
			compatibilityVersion = "Xcode 9.3";
			developmentRegion = en;
			hasScannedForEncodings = 0;
			knownRegions = (
				en,
				Base,
			);
			mainGroup = 7987E9F42690394300E7B4C6;
			productRefGroup = 7987E9FE2690394300E7B4C6 /* Products */;
			projectDirPath = "";
			projectRoot = "";
			targets = (
				7987E9FC2690394300E7B4C6 /* Tacademia */,
			);
		};
/* End PBXProject section */

/* Begin PBXResourcesBuildPhase section */
		7987E9FB2690394300E7B4C6 /* Resources */ = {
			isa = PBXResourcesBuildPhase;
			buildActionMask = 2147483647;
			files = (
				7987EA082690394400E7B4C6 /* Preview Assets.xcassets in Resources */,
				7987EA052690394400E7B4C6 /* Assets.xcassets in Resources */,
			);
			runOnlyForDeploymentPostprocessing = 0;
		};
/* End PBXResourcesBuildPhase section */

/* Begin PBXSourcesBuildPhase section */
		7987E9F92690394300E7B4C6 /* Sources */ = {
			isa = PBXSourcesBuildPhase;
			buildActionMask = 2147483647;
			files = (
				7987EA032690394300E7B4C6 /* ContentView.swift in Sources */,
				79BF4C0426903FA40050EB02 /* SettingsView.swift in Sources */,
				79BF4C0226903DCD0050EB02 /* GameView.swift in Sources */,
				79BF4C07269041CD0050EB02 /* GridView.swift in Sources */,
				7987EA012690394300E7B4C6 /* TacademiaApp.swift in Sources */,
			);
			runOnlyForDeploymentPostprocessing = 0;
		};
/* End PBXSourcesBuildPhase section */

/* Begin XCBuildConfiguration section */
		7987EA0A2690394400E7B4C6 /* Debug */ = {
			isa = XCBuildConfiguration;
			buildSettings = {
				ALWAYS_SEARCH_USER_PATHS = NO;
				CLANG_ANALYZER_NONNULL = YES;
				CLANG_ANALYZER_NUMBER_OBJECT_CONVERSION = YES_AGGRESSIVE;
				CLANG_CXX_LANGUAGE_STANDARD = "gnu++14";
				CLANG_CXX_LIBRARY = "libc++";
				CLANG_ENABLE_MODULES = YES;
				CLANG_ENABLE_OBJC_ARC = YES;
				CLANG_ENABLE_OBJC_WEAK = YES;
				CLANG_WARN_BLOCK_CAPTURE_AUTORELEASING = YES;
				CLANG_WARN_BOOL_CONVERSION = YES;
				CLANG_WARN_COMMA = YES;
				CLANG_WARN_CONSTANT_CONVERSION = YES;
				CLANG_WARN_DEPRECATED_OBJC_IMPLEMENTATIONS = YES;
				CLANG_WARN_DIRECT_OBJC_ISA_USAGE = YES_ERROR;
				CLANG_WARN_DOCUMENTATION_COMMENTS = YES;
				CLANG_WARN_EMPTY_BODY = YES;
				CLANG_WARN_ENUM_CONVERSION = YES;
				CLANG_WARN_INFINITE_RECURSION = YES;
				CLANG_WARN_INT_CONVERSION = YES;
				CLANG_WARN_NON_LITERAL_NULL_CONVERSION = YES;
				CLANG_WARN_OBJC_IMPLICIT_RETAIN_SELF = YES;
				CLANG_WARN_OBJC_LITERAL_CONVERSION = YES;
				CLANG_WARN_OBJC_ROOT_CLASS = YES_ERROR;
				CLANG_WARN_QUOTED_INCLUDE_IN_FRAMEWORK_HEADER = YES;
				CLANG_WARN_RANGE_LOOP_ANALYSIS = YES;
				CLANG_WARN_STRICT_PROTOTYPES = YES;
				CLANG_WARN_SUSPICIOUS_MOVE = YES;
				CLANG_WARN_UNGUARDED_AVAILABILITY = YES_AGGRESSIVE;
				CLANG_WARN_UNREACHABLE_CODE = YES;
				CLANG_WARN__DUPLICATE_METHOD_MATCH = YES;
				COPY_PHASE_STRIP = NO;
				DEBUG_INFORMATION_FORMAT = dwarf;
				ENABLE_STRICT_OBJC_MSGSEND = YES;
				ENABLE_TESTABILITY = YES;
				GCC_C_LANGUAGE_STANDARD = gnu11;
				GCC_DYNAMIC_NO_PIC = NO;
				GCC_NO_COMMON_BLOCKS = YES;
				GCC_OPTIMIZATION_LEVEL = 0;
				GCC_PREPROCESSOR_DEFINITIONS = (
					"DEBUG=1",
					"$(inherited)",
				);
				GCC_WARN_64_TO_32_BIT_CONVERSION = YES;
				GCC_WARN_ABOUT_RETURN_TYPE = YES_ERROR;
				GCC_WARN_UNDECLARED_SELECTOR = YES;
				GCC_WARN_UNINITIALIZED_AUTOS = YES_AGGRESSIVE;
				GCC_WARN_UNUSED_FUNCTION = YES;
				GCC_WARN_UNUSED_VARIABLE = YES;
				IPHONEOS_DEPLOYMENT_TARGET = 14.5;
				MTL_ENABLE_DEBUG_INFO = INCLUDE_SOURCE;
				MTL_FAST_MATH = YES;
				ONLY_ACTIVE_ARCH = YES;
				SDKROOT = iphoneos;
				SWIFT_ACTIVE_COMPILATION_CONDITIONS = DEBUG;
				SWIFT_OPTIMIZATION_LEVEL = "-Onone";
			};
			name = Debug;
		};
		7987EA0B2690394400E7B4C6 /* Release */ = {
			isa = XCBuildConfiguration;
			buildSettings = {
				ALWAYS_SEARCH_USER_PATHS = NO;
				CLANG_ANALYZER_NONNULL = YES;
				CLANG_ANALYZER_NUMBER_OBJECT_CONVERSION = YES_AGGRESSIVE;
				CLANG_CXX_LANGUAGE_STANDARD = "gnu++14";
				CLANG_CXX_LIBRARY = "libc++";
				CLANG_ENABLE_MODULES = YES;
				CLANG_ENABLE_OBJC_ARC = YES;
				CLANG_ENABLE_OBJC_WEAK = YES;
				CLANG_WARN_BLOCK_CAPTURE_AUTORELEASING = YES;
				CLANG_WARN_BOOL_CONVERSION = YES;
				CLANG_WARN_COMMA = YES;
				CLANG_WARN_CONSTANT_CONVERSION = YES;
				CLANG_WARN_DEPRECATED_OBJC_IMPLEMENTATIONS = YES;
				CLANG_WARN_DIRECT_OBJC_ISA_USAGE = YES_ERROR;
				CLANG_WARN_DOCUMENTATION_COMMENTS = YES;
				CLANG_WARN_EMPTY_BODY = YES;
				CLANG_WARN_ENUM_CONVERSION = YES;
				CLANG_WARN_INFINITE_RECURSION = YES;
				CLANG_WARN_INT_CONVERSION = YES;
				CLANG_WARN_NON_LITERAL_NULL_CONVERSION = YES;
				CLANG_WARN_OBJC_IMPLICIT_RETAIN_SELF = YES;
				CLANG_WARN_OBJC_LITERAL_CONVERSION = YES;
				CLANG_WARN_OBJC_ROOT_CLASS = YES_ERROR;
				CLANG_WARN_QUOTED_INCLUDE_IN_FRAMEWORK_HEADER = YES;
				CLANG_WARN_RANGE_LOOP_ANALYSIS = YES;
				CLANG_WARN_STRICT_PROTOTYPES = YES;
				CLANG_WARN_SUSPICIOUS_MOVE = YES;
				CLANG_WARN_UNGUARDED_AVAILABILITY = YES_AGGRESSIVE;
				CLANG_WARN_UNREACHABLE_CODE = YES;
				CLANG_WARN__DUPLICATE_METHOD_MATCH = YES;
				COPY_PHASE_STRIP = NO;
				DEBUG_INFORMATION_FORMAT = "dwarf-with-dsym";
				ENABLE_NS_ASSERTIONS = NO;
				ENABLE_STRICT_OBJC_MSGSEND = YES;
				GCC_C_LANGUAGE_STANDARD = gnu11;
				GCC_NO_COMMON_BLOCKS = YES;
				GCC_WARN_64_TO_32_BIT_CONVERSION = YES;
				GCC_WARN_ABOUT_RETURN_TYPE = YES_ERROR;
				GCC_WARN_UNDECLARED_SELECTOR = YES;
				GCC_WARN_UNINITIALIZED_AUTOS = YES_AGGRESSIVE;
				GCC_WARN_UNUSED_FUNCTION = YES;
				GCC_WARN_UNUSED_VARIABLE = YES;
				IPHONEOS_DEPLOYMENT_TARGET = 14.5;
				MTL_ENABLE_DEBUG_INFO = NO;
				MTL_FAST_MATH = YES;
				SDKROOT = iphoneos;
				SWIFT_COMPILATION_MODE = wholemodule;
				SWIFT_OPTIMIZATION_LEVEL = "-O";
				VALIDATE_PRODUCT = YES;
			};
			name = Release;
		};
		7987EA0D2690394400E7B4C6 /* Debug */ = {
			isa = XCBuildConfiguration;
			buildSettings = {
				ASSETCATALOG_COMPILER_APPICON_NAME = AppIcon;
				ASSETCATALOG_COMPILER_GLOBAL_ACCENT_COLOR_NAME = AccentColor;
				CODE_SIGN_STYLE = Automatic;
				DEVELOPMENT_ASSET_PATHS = "\"Tacademia/Preview Content\"";
				DEVELOPMENT_TEAM = D976RL7DKX;
				ENABLE_PREVIEWS = YES;
				INFOPLIST_FILE = Tacademia/Info.plist;
				IPHONEOS_DEPLOYMENT_TARGET = 14.0;
				LD_RUNPATH_SEARCH_PATHS = (
					"$(inherited)",
					"@executable_path/Frameworks",
				);
				PRODUCT_BUNDLE_IDENTIFIER = com.nitsua.Tacademia;
				PRODUCT_NAME = "$(TARGET_NAME)";
				SWIFT_VERSION = 5.0;
				TARGETED_DEVICE_FAMILY = "1,2";
			};
			name = Debug;
		};
		7987EA0E2690394400E7B4C6 /* Release */ = {
			isa = XCBuildConfiguration;
			buildSettings = {
				ASSETCATALOG_COMPILER_APPICON_NAME = AppIcon;
				ASSETCATALOG_COMPILER_GLOBAL_ACCENT_COLOR_NAME = AccentColor;
				CODE_SIGN_STYLE = Automatic;
				DEVELOPMENT_ASSET_PATHS = "\"Tacademia/Preview Content\"";
				DEVELOPMENT_TEAM = D976RL7DKX;
				ENABLE_PREVIEWS = YES;
				INFOPLIST_FILE = Tacademia/Info.plist;
				IPHONEOS_DEPLOYMENT_TARGET = 14.0;
				LD_RUNPATH_SEARCH_PATHS = (
					"$(inherited)",
					"@executable_path/Frameworks",
				);
				PRODUCT_BUNDLE_IDENTIFIER = com.nitsua.Tacademia;
				PRODUCT_NAME = "$(TARGET_NAME)";
				SWIFT_VERSION = 5.0;
				TARGETED_DEVICE_FAMILY = "1,2";
			};
			name = Release;
		};
/* End XCBuildConfiguration section */

/* Begin XCConfigurationList section */
		7987E9F82690394300E7B4C6 /* Build configuration list for PBXProject "Tacademia" */ = {
			isa = XCConfigurationList;
			buildConfigurations = (
				7987EA0A2690394400E7B4C6 /* Debug */,
				7987EA0B2690394400E7B4C6 /* Release */,
			);
			defaultConfigurationIsVisible = 0;
			defaultConfigurationName = Release;
		};
		7987EA0C2690394400E7B4C6 /* Build configuration list for PBXNativeTarget "Tacademia" */ = {
			isa = XCConfigurationList;
			buildConfigurations = (
				7987EA0D2690394400E7B4C6 /* Debug */,
				7987EA0E2690394400E7B4C6 /* Release */,
			);
			defaultConfigurationIsVisible = 0;
			defaultConfigurationName = Release;
		};
/* End XCConfigurationList section */
	};
	rootObject = 7987E9F52690394300E7B4C6 /* Project object */;
}
